GEM
  remote: https://rubygems.org/
  specs:
    bigdecimal (3.3.1)
    csv (3.3.5)
    httparty (0.23.2)
      csv
      mini_mime (>= 1.0.0)
      multi_xml (>= 0.5.2)
    mini_mime (1.1.5)
    multi_xml (0.7.2)
      bigdecimal (~> 3.1)
    nokogiri (1.18.10-x64-mingw-ucrt)
      racc (~> 1.4)
    racc (1.8.1)

PLATFORMS
  x64-mingw-ucrt

DEPENDENCIES
  httparty
  nokogiri

CHECKSUMS
  bigdecimal (3.3.1) sha256=eaa01e228be54c4f9f53bf3cc34fe3d5e845c31963e7fcc5bedb05a4e7d52218
  csv (3.3.5) sha256=6e5134ac3383ef728b7f02725d9872934f523cb40b961479f69cf3afa6c8e73f
  httparty (0.23.2) sha256=72d52830ab5862115a3c9a4b16738dd67d9a691ffd796cf86bad8abaa8f1febb
  mini_mime (1.1.5) sha256=8681b7e2e4215f2a159f9400b5816d85e9d8c6c6b491e96a12797e798f8bccef
  multi_xml (0.7.2) sha256=307a96dc48613badb7b2fc174fd4e62d7c7b619bc36ea33bfd0c49f64f5787ce
  nokogiri (1.18.10-x64-mingw-ucrt) sha256=64f40d4a41af9f7f83a4e236ad0cf8cca621b97e31f727b1bebdae565a653104
  racc (1.8.1) sha256=4a7f6929691dbec8b5209a0b373bc2614882b55fc5d2e447a21aaa691303d62f

BUNDLED WITH
  4.0.0
